{
 "graph_lock": {
  "nodes": {
   "0": {
    "ref": "Matcha/0.1",
    "options": "libiconv:shared=False\nogg:shared=False\nsdl2:directx=True\nsdl2:iconv=True\nsdl2:opengl=True\nsdl2:opengles=True\nsdl2:sdl2main=True\nsdl2:shared=False\nsdl2_mixer:cmd=False\nsdl2_mixer:flac=False\nsdl2_mixer:fluidsynth=False\nsdl2_mixer:mad=False\nsdl2_mixer:mikmod=False\nsdl2_mixer:modplug=False\nsdl2_mixer:mpg123=False\nsdl2_mixer:nativemidi=False\nsdl2_mixer:ogg=True\nsdl2_mixer:opus=False\nsdl2_mixer:shared=False\nsdl2_mixer:wav=True\nvorbis:shared=False",
    "requires": [
     "1",
     "3"
    ],
    "path": "conanfile.py",
    "context": "host"
   },
   "1": {
    "ref": "sdl2/2.0.12@bincrafters/stable",
    "options": "directx=True\niconv=True\nopengl=True\nopengles=True\nsdl2main=True\nshared=False\nlibiconv:shared=False",
    "package_id": "8e5eca78c5da130b45db683b45b8215189d8004c",
    "prev": "0",
    "requires": [
     "2"
    ],
    "context": "host"
   },
   "2": {
    "ref": "libiconv/1.16",
    "options": "shared=False",
    "package_id": "3fb49604f9c2f729b85ba3115852006824e72cab",
    "prev": "0",
    "context": "host"
   },
   "3": {
    "ref": "sdl2_mixer/2.0.4@bincrafters/stable",
    "options": "cmd=False\nflac=False\nfluidsynth=False\nmad=False\nmikmod=False\nmodplug=False\nmpg123=False\nnativemidi=False\nogg=True\nopus=False\nshared=False\nwav=True\nlibiconv:shared=False\nogg:shared=False\nsdl2:directx=True\nsdl2:iconv=True\nsdl2:opengl=True\nsdl2:opengles=True\nsdl2:sdl2main=True\nsdl2:shared=False\nvorbis:shared=False",
    "package_id": "0e074b830d0cda724e2e1f52b1808f42174c7aa1",
    "prev": "0",
    "modified": true,
    "requires": [
     "1",
     "4",
     "5"
    ],
    "context": "host"
   },
   "4": {
    "ref": "ogg/1.3.4",
    "options": "shared=False",
    "package_id": "3fb49604f9c2f729b85ba3115852006824e72cab",
    "prev": "0",
    "context": "host"
   },
   "5": {
    "ref": "vorbis/1.3.6",
    "options": "shared=False\nogg:shared=False",
    "package_id": "becff00909fb3d957c6b4ca60fa64d4e6a32a540",
    "prev": "0",
    "requires": [
     "4"
    ],
    "context": "host"
   }
  },
  "revisions_enabled": false
 },
 "version": "0.4",
 "profile_host": "[settings]\narch=x86_64\narch_build=x86_64\nbuild_type=Release\ncompiler=Visual Studio\ncompiler.runtime=MD\ncompiler.version=16\nos=Windows\nos_build=Windows\n[options]\n[build_requires]\n[env]\n"
}